
Microsoft Visual Studio Solution File, Format Version 10.00
# Visual Studio 2008
Project("{8BC9CEB8-8B4A-11D0-8D11-00A0C91BC942}") = "ArToolKitPlusDemo", "ArToolKitPlusDemo\script\ArToolKitPlusDemo.vcproj", "{BCACA889-BDEE-4BAA-BFB1-42A10C792A2C}"
	ProjectSection(ProjectDependencies) = postProject
		{255014C8-CF00-48A8-AE7C-D9AC83F3AE67} = {255014C8-CF00-48A8-AE7C-D9AC83F3AE67}
	EndProjectSection
EndProject
Project("{8BC9CEB8-8B4A-11D0-8D11-00A0C91BC942}") = "OgreCuda", "OgreCuda\script\OgreCuda.vcproj", "{D2B63832-4C76-4B72-A371-0EE8AB71AE53}"
EndProject
Project("{8BC9CEB8-8B4A-11D0-8D11-00A0C91BC942}") = "OgreCudaDemo", "OgreCudaDemo\script\OgreCudaDemo.vcproj", "{458AC36D-5111-4450-BCCC-B97D84081903}"
	ProjectSection(ProjectDependencies) = postProject
		{D2B63832-4C76-4B72-A371-0EE8AB71AE53} = {D2B63832-4C76-4B72-A371-0EE8AB71AE53}
	EndProjectSection
EndProject
Project("{8BC9CEB8-8B4A-11D0-8D11-00A0C91BC942}") = "OgreOpenCL", "OgreOpenCL\script\OgreOpenCL.vcproj", "{DAE57391-62F7-401C-BC8F-EDE159414AC7}"
EndProject
Project("{8BC9CEB8-8B4A-11D0-8D11-00A0C91BC942}") = "OgreOpenCLDemo", "OgreOpenCLDemo\script\OgreOpenCLDemo.vcproj", "{918F17B4-2496-4665-BBD8-0E67B7D543A6}"
	ProjectSection(ProjectDependencies) = postProject
		{DAE57391-62F7-401C-BC8F-EDE159414AC7} = {DAE57391-62F7-401C-BC8F-EDE159414AC7}
	EndProjectSection
EndProject
Project("{8BC9CEB8-8B4A-11D0-8D11-00A0C91BC942}") = "ARToolKitPlus", "Dependencies\ARToolKitPlus_2.1.1\build\VS.NET\ARToolKitPlus.vcproj", "{255014C8-CF00-48A8-AE7C-D9AC83F3AE67}"
EndProject
Project("{8BC9CEB8-8B4A-11D0-8D11-00A0C91BC942}") = "prepare bin folder", "prepare.vcproj", "{A6B91A97-D318-4270-BF43-297A091BE43D}"
EndProject
Project("{2150E333-8FDC-42A3-9474-1A3956D46DE8}") = "OgreCuda", "OgreCuda", "{2BDF0218-10B7-473B-99AD-CAC404180562}"
EndProject
Project("{2150E333-8FDC-42A3-9474-1A3956D46DE8}") = "OgreOpenCL", "OgreOpenCL", "{B8A9809F-AFC9-4B17-938D-BAAE6F6B83E2}"
EndProject
Project("{2150E333-8FDC-42A3-9474-1A3956D46DE8}") = "ArToolKitPlus", "ArToolKitPlus", "{B8D9CCB6-CECC-4CDD-9FC4-3A1A065BFC23}"
EndProject
Project("{2150E333-8FDC-42A3-9474-1A3956D46DE8}") = "OgreCanvas", "OgreCanvas", "{579FBB5D-5EC4-4EC0-A087-9E3AC4D84EEB}"
EndProject
Project("{8BC9CEB8-8B4A-11D0-8D11-00A0C91BC942}") = "OgreCudaDoxygen", "OgreCuda\script\OgreCudaDoxygen.vcproj", "{A75EBF03-84C8-468B-83C2-D084E788B82B}"
EndProject
Project("{8BC9CEB8-8B4A-11D0-8D11-00A0C91BC942}") = "OgreOpenCLDoxygen", "OgreOpenCL\script\OgreOpenCLDoxygen.vcproj", "{ECF460F9-AA0E-4438-9101-C643B167FAF9}"
EndProject
Project("{8BC9CEB8-8B4A-11D0-8D11-00A0C91BC942}") = "OgreCanvas", "OgreCanvas\script\OgreCanvas.vcproj", "{6281F5C8-42F6-47E2-9CD2-FD87211132CB}"
EndProject
Project("{8BC9CEB8-8B4A-11D0-8D11-00A0C91BC942}") = "OgreCanvasDoxygen", "OgreCanvas\script\OgreCanvasDoxygen.vcproj", "{F8BE676A-4674-4DDA-B731-A1BDD175D00C}"
EndProject
Project("{8BC9CEB8-8B4A-11D0-8D11-00A0C91BC942}") = "OgreCanvasDemo", "OgreCanvasDemo\script\OgreCanvasDemo.vcproj", "{BAC75BEF-1235-4428-80B7-BB5FF0F776F0}"
	ProjectSection(ProjectDependencies) = postProject
		{6281F5C8-42F6-47E2-9CD2-FD87211132CB} = {6281F5C8-42F6-47E2-9CD2-FD87211132CB}
	EndProjectSection
EndProject
Project("{8BC9CEB8-8B4A-11D0-8D11-00A0C91BC942}") = "OgreCanvasDemo2", "OgreCanvasDemo2\script\OgreCanvasDemo2.vcproj", "{A9844A3C-3260-4E87-BEE4-7DE8B8EF8AA3}"
	ProjectSection(ProjectDependencies) = postProject
		{6281F5C8-42F6-47E2-9CD2-FD87211132CB} = {6281F5C8-42F6-47E2-9CD2-FD87211132CB}
	EndProjectSection
EndProject
Project("{8BC9CEB8-8B4A-11D0-8D11-00A0C91BC942}") = "OgreCanvasV8", "OgreCanvasV8\script\OgreCanvasV8.vcproj", "{8CCF852A-AAA3-44D3-90D4-30FE4B2B0B86}"
	ProjectSection(ProjectDependencies) = postProject
		{6281F5C8-42F6-47E2-9CD2-FD87211132CB} = {6281F5C8-42F6-47E2-9CD2-FD87211132CB}
	EndProjectSection
EndProject
Project("{8BC9CEB8-8B4A-11D0-8D11-00A0C91BC942}") = "OgreCanvasV8Doxygen", "OgreCanvasV8\script\OgreCanvasV8Doxygen.vcproj", "{AE4DB993-E3B7-42C8-96E9-07BDBA548B75}"
EndProject
Project("{8BC9CEB8-8B4A-11D0-8D11-00A0C91BC942}") = "OgreCanvasV8Demo", "OgreCanvasV8Demo\script\OgreCanvasV8Demo.vcproj", "{DDA34109-7C06-42C3-AFD8-48F05DEB298F}"
	ProjectSection(ProjectDependencies) = postProject
		{8CCF852A-AAA3-44D3-90D4-30FE4B2B0B86} = {8CCF852A-AAA3-44D3-90D4-30FE4B2B0B86}
		{6281F5C8-42F6-47E2-9CD2-FD87211132CB} = {6281F5C8-42F6-47E2-9CD2-FD87211132CB}
		{697686E8-AB84-402D-BDEA-035E81A3B4A7} = {697686E8-AB84-402D-BDEA-035E81A3B4A7}
	EndProjectSection
EndProject
Project("{8BC9CEB8-8B4A-11D0-8D11-00A0C91BC942}") = "OgreCanvasV8Demo2", "OgreCanvasV8Demo2\script\OgreCanvasV8Demo2.vcproj", "{18D2248D-554F-4F92-93FE-29160227D39B}"
	ProjectSection(ProjectDependencies) = postProject
		{8CCF852A-AAA3-44D3-90D4-30FE4B2B0B86} = {8CCF852A-AAA3-44D3-90D4-30FE4B2B0B86}
		{6281F5C8-42F6-47E2-9CD2-FD87211132CB} = {6281F5C8-42F6-47E2-9CD2-FD87211132CB}
	EndProjectSection
EndProject
Project("{2150E333-8FDC-42A3-9474-1A3956D46DE8}") = "Init", "Init", "{36BD7EBB-CEFD-43CF-A955-F6FE8E11B07B}"
	ProjectSection(SolutionItems) = preProject
		README.txt = README.txt
	EndProjectSection
EndProject
Project("{2150E333-8FDC-42A3-9474-1A3956D46DE8}") = "Dependencies", "Dependencies", "{17C2798A-6D14-4D7A-A881-E894B295F730}"
EndProject
Project("{8BC9CEB8-8B4A-11D0-8D11-00A0C91BC942}") = "tinyxml", "Dependencies\tinyxml\script\tinyxml.vcproj", "{697686E8-AB84-402D-BDEA-035E81A3B4A7}"
EndProject
Project("{2150E333-8FDC-42A3-9474-1A3956D46DE8}") = "OgreGPGPU", "OgreGPGPU", "{F8E6205D-5985-4407-8CC7-7EB9EDA62946}"
EndProject
Project("{8BC9CEB8-8B4A-11D0-8D11-00A0C91BC942}") = "OgreGPGPU", "OgreGPGPU\script\OgreGPGPU.vcproj", "{13956394-79B2-4BBE-9EB3-637B18338A19}"
EndProject
Project("{8BC9CEB8-8B4A-11D0-8D11-00A0C91BC942}") = "OgreGPGPUDemo", "OgreGPGPUDemo\script\OgreGPGPUDemo.vcproj", "{3221279F-7982-43D4-8473-E9753E52C90E}"
	ProjectSection(ProjectDependencies) = postProject
		{13956394-79B2-4BBE-9EB3-637B18338A19} = {13956394-79B2-4BBE-9EB3-637B18338A19}
	EndProjectSection
EndProject
Project("{8BC9CEB8-8B4A-11D0-8D11-00A0C91BC942}") = "OgreGPGPUDoxygen", "OgreGPGPU\script\OgreGPGPUDoxygen.vcproj", "{E4EA359D-852E-405B-BFF5-FD9217199EC1}"
EndProject
Global
	GlobalSection(SolutionConfigurationPlatforms) = preSolution
		Debug|Win32 = Debug|Win32
		Release|Win32 = Release|Win32
	EndGlobalSection
	GlobalSection(ProjectConfigurationPlatforms) = postSolution
		{BCACA889-BDEE-4BAA-BFB1-42A10C792A2C}.Debug|Win32.ActiveCfg = Debug|Win32
		{BCACA889-BDEE-4BAA-BFB1-42A10C792A2C}.Debug|Win32.Build.0 = Debug|Win32
		{BCACA889-BDEE-4BAA-BFB1-42A10C792A2C}.Release|Win32.ActiveCfg = Release|Win32
		{BCACA889-BDEE-4BAA-BFB1-42A10C792A2C}.Release|Win32.Build.0 = Release|Win32
		{D2B63832-4C76-4B72-A371-0EE8AB71AE53}.Debug|Win32.ActiveCfg = Debug|Win32
		{D2B63832-4C76-4B72-A371-0EE8AB71AE53}.Debug|Win32.Build.0 = Debug|Win32
		{D2B63832-4C76-4B72-A371-0EE8AB71AE53}.Release|Win32.ActiveCfg = Release|Win32
		{D2B63832-4C76-4B72-A371-0EE8AB71AE53}.Release|Win32.Build.0 = Release|Win32
		{458AC36D-5111-4450-BCCC-B97D84081903}.Debug|Win32.ActiveCfg = Debug|Win32
		{458AC36D-5111-4450-BCCC-B97D84081903}.Debug|Win32.Build.0 = Debug|Win32
		{458AC36D-5111-4450-BCCC-B97D84081903}.Release|Win32.ActiveCfg = Release|Win32
		{458AC36D-5111-4450-BCCC-B97D84081903}.Release|Win32.Build.0 = Release|Win32
		{DAE57391-62F7-401C-BC8F-EDE159414AC7}.Debug|Win32.ActiveCfg = Debug|Win32
		{DAE57391-62F7-401C-BC8F-EDE159414AC7}.Debug|Win32.Build.0 = Debug|Win32
		{DAE57391-62F7-401C-BC8F-EDE159414AC7}.Release|Win32.ActiveCfg = Release|Win32
		{DAE57391-62F7-401C-BC8F-EDE159414AC7}.Release|Win32.Build.0 = Release|Win32
		{918F17B4-2496-4665-BBD8-0E67B7D543A6}.Debug|Win32.ActiveCfg = Debug|Win32
		{918F17B4-2496-4665-BBD8-0E67B7D543A6}.Debug|Win32.Build.0 = Debug|Win32
		{918F17B4-2496-4665-BBD8-0E67B7D543A6}.Release|Win32.ActiveCfg = Release|Win32
		{918F17B4-2496-4665-BBD8-0E67B7D543A6}.Release|Win32.Build.0 = Release|Win32
		{255014C8-CF00-48A8-AE7C-D9AC83F3AE67}.Debug|Win32.ActiveCfg = Debug|Win32
		{255014C8-CF00-48A8-AE7C-D9AC83F3AE67}.Debug|Win32.Build.0 = Debug|Win32
		{255014C8-CF00-48A8-AE7C-D9AC83F3AE67}.Release|Win32.ActiveCfg = Release|Win32
		{255014C8-CF00-48A8-AE7C-D9AC83F3AE67}.Release|Win32.Build.0 = Release|Win32
		{A6B91A97-D318-4270-BF43-297A091BE43D}.Debug|Win32.ActiveCfg = Debug|Win32
		{A6B91A97-D318-4270-BF43-297A091BE43D}.Debug|Win32.Build.0 = Debug|Win32
		{A6B91A97-D318-4270-BF43-297A091BE43D}.Release|Win32.ActiveCfg = Release|Win32
		{A6B91A97-D318-4270-BF43-297A091BE43D}.Release|Win32.Build.0 = Release|Win32
		{A75EBF03-84C8-468B-83C2-D084E788B82B}.Debug|Win32.ActiveCfg = Debug|Win32
		{A75EBF03-84C8-468B-83C2-D084E788B82B}.Debug|Win32.Build.0 = Debug|Win32
		{A75EBF03-84C8-468B-83C2-D084E788B82B}.Release|Win32.ActiveCfg = Release|Win32
		{A75EBF03-84C8-468B-83C2-D084E788B82B}.Release|Win32.Build.0 = Release|Win32
		{ECF460F9-AA0E-4438-9101-C643B167FAF9}.Debug|Win32.ActiveCfg = Debug|Win32
		{ECF460F9-AA0E-4438-9101-C643B167FAF9}.Debug|Win32.Build.0 = Debug|Win32
		{ECF460F9-AA0E-4438-9101-C643B167FAF9}.Release|Win32.ActiveCfg = Release|Win32
		{ECF460F9-AA0E-4438-9101-C643B167FAF9}.Release|Win32.Build.0 = Release|Win32
		{6281F5C8-42F6-47E2-9CD2-FD87211132CB}.Debug|Win32.ActiveCfg = Debug|Win32
		{6281F5C8-42F6-47E2-9CD2-FD87211132CB}.Debug|Win32.Build.0 = Debug|Win32
		{6281F5C8-42F6-47E2-9CD2-FD87211132CB}.Release|Win32.ActiveCfg = Release|Win32
		{6281F5C8-42F6-47E2-9CD2-FD87211132CB}.Release|Win32.Build.0 = Release|Win32
		{F8BE676A-4674-4DDA-B731-A1BDD175D00C}.Debug|Win32.ActiveCfg = Debug|Win32
		{F8BE676A-4674-4DDA-B731-A1BDD175D00C}.Debug|Win32.Build.0 = Debug|Win32
		{F8BE676A-4674-4DDA-B731-A1BDD175D00C}.Release|Win32.ActiveCfg = Release|Win32
		{F8BE676A-4674-4DDA-B731-A1BDD175D00C}.Release|Win32.Build.0 = Release|Win32
		{BAC75BEF-1235-4428-80B7-BB5FF0F776F0}.Debug|Win32.ActiveCfg = Debug|Win32
		{BAC75BEF-1235-4428-80B7-BB5FF0F776F0}.Debug|Win32.Build.0 = Debug|Win32
		{BAC75BEF-1235-4428-80B7-BB5FF0F776F0}.Release|Win32.ActiveCfg = Release|Win32
		{BAC75BEF-1235-4428-80B7-BB5FF0F776F0}.Release|Win32.Build.0 = Release|Win32
		{A9844A3C-3260-4E87-BEE4-7DE8B8EF8AA3}.Debug|Win32.ActiveCfg = Debug|Win32
		{A9844A3C-3260-4E87-BEE4-7DE8B8EF8AA3}.Debug|Win32.Build.0 = Debug|Win32
		{A9844A3C-3260-4E87-BEE4-7DE8B8EF8AA3}.Release|Win32.ActiveCfg = Release|Win32
		{A9844A3C-3260-4E87-BEE4-7DE8B8EF8AA3}.Release|Win32.Build.0 = Release|Win32
		{8CCF852A-AAA3-44D3-90D4-30FE4B2B0B86}.Debug|Win32.ActiveCfg = Debug|Win32
		{8CCF852A-AAA3-44D3-90D4-30FE4B2B0B86}.Debug|Win32.Build.0 = Debug|Win32
		{8CCF852A-AAA3-44D3-90D4-30FE4B2B0B86}.Release|Win32.ActiveCfg = Release|Win32
		{8CCF852A-AAA3-44D3-90D4-30FE4B2B0B86}.Release|Win32.Build.0 = Release|Win32
		{AE4DB993-E3B7-42C8-96E9-07BDBA548B75}.Debug|Win32.ActiveCfg = Debug|Win32
		{AE4DB993-E3B7-42C8-96E9-07BDBA548B75}.Debug|Win32.Build.0 = Debug|Win32
		{AE4DB993-E3B7-42C8-96E9-07BDBA548B75}.Release|Win32.ActiveCfg = Release|Win32
		{AE4DB993-E3B7-42C8-96E9-07BDBA548B75}.Release|Win32.Build.0 = Release|Win32
		{DDA34109-7C06-42C3-AFD8-48F05DEB298F}.Debug|Win32.ActiveCfg = Debug|Win32
		{DDA34109-7C06-42C3-AFD8-48F05DEB298F}.Debug|Win32.Build.0 = Debug|Win32
		{DDA34109-7C06-42C3-AFD8-48F05DEB298F}.Release|Win32.ActiveCfg = Release|Win32
		{DDA34109-7C06-42C3-AFD8-48F05DEB298F}.Release|Win32.Build.0 = Release|Win32
		{18D2248D-554F-4F92-93FE-29160227D39B}.Debug|Win32.ActiveCfg = Debug|Win32
		{18D2248D-554F-4F92-93FE-29160227D39B}.Debug|Win32.Build.0 = Debug|Win32
		{18D2248D-554F-4F92-93FE-29160227D39B}.Release|Win32.ActiveCfg = Release|Win32
		{18D2248D-554F-4F92-93FE-29160227D39B}.Release|Win32.Build.0 = Release|Win32
		{697686E8-AB84-402D-BDEA-035E81A3B4A7}.Debug|Win32.ActiveCfg = Debug|Win32
		{697686E8-AB84-402D-BDEA-035E81A3B4A7}.Debug|Win32.Build.0 = Debug|Win32
		{697686E8-AB84-402D-BDEA-035E81A3B4A7}.Release|Win32.ActiveCfg = Release|Win32
		{697686E8-AB84-402D-BDEA-035E81A3B4A7}.Release|Win32.Build.0 = Release|Win32
		{13956394-79B2-4BBE-9EB3-637B18338A19}.Debug|Win32.ActiveCfg = Debug|Win32
		{13956394-79B2-4BBE-9EB3-637B18338A19}.Debug|Win32.Build.0 = Debug|Win32
		{13956394-79B2-4BBE-9EB3-637B18338A19}.Release|Win32.ActiveCfg = Release|Win32
		{13956394-79B2-4BBE-9EB3-637B18338A19}.Release|Win32.Build.0 = Release|Win32
		{3221279F-7982-43D4-8473-E9753E52C90E}.Debug|Win32.ActiveCfg = Debug|Win32
		{3221279F-7982-43D4-8473-E9753E52C90E}.Debug|Win32.Build.0 = Debug|Win32
		{3221279F-7982-43D4-8473-E9753E52C90E}.Release|Win32.ActiveCfg = Release|Win32
		{3221279F-7982-43D4-8473-E9753E52C90E}.Release|Win32.Build.0 = Release|Win32
		{E4EA359D-852E-405B-BFF5-FD9217199EC1}.Debug|Win32.ActiveCfg = Debug|Win32
		{E4EA359D-852E-405B-BFF5-FD9217199EC1}.Debug|Win32.Build.0 = Debug|Win32
		{E4EA359D-852E-405B-BFF5-FD9217199EC1}.Release|Win32.ActiveCfg = Release|Win32
		{E4EA359D-852E-405B-BFF5-FD9217199EC1}.Release|Win32.Build.0 = Release|Win32
	EndGlobalSection
	GlobalSection(SolutionProperties) = preSolution
		HideSolutionNode = FALSE
	EndGlobalSection
	GlobalSection(NestedProjects) = preSolution
		{255014C8-CF00-48A8-AE7C-D9AC83F3AE67} = {B8D9CCB6-CECC-4CDD-9FC4-3A1A065BFC23}
		{BCACA889-BDEE-4BAA-BFB1-42A10C792A2C} = {B8D9CCB6-CECC-4CDD-9FC4-3A1A065BFC23}
		{458AC36D-5111-4450-BCCC-B97D84081903} = {2BDF0218-10B7-473B-99AD-CAC404180562}
		{D2B63832-4C76-4B72-A371-0EE8AB71AE53} = {2BDF0218-10B7-473B-99AD-CAC404180562}
		{A75EBF03-84C8-468B-83C2-D084E788B82B} = {2BDF0218-10B7-473B-99AD-CAC404180562}
		{918F17B4-2496-4665-BBD8-0E67B7D543A6} = {B8A9809F-AFC9-4B17-938D-BAAE6F6B83E2}
		{DAE57391-62F7-401C-BC8F-EDE159414AC7} = {B8A9809F-AFC9-4B17-938D-BAAE6F6B83E2}
		{ECF460F9-AA0E-4438-9101-C643B167FAF9} = {B8A9809F-AFC9-4B17-938D-BAAE6F6B83E2}
		{A6B91A97-D318-4270-BF43-297A091BE43D} = {36BD7EBB-CEFD-43CF-A955-F6FE8E11B07B}
		{6281F5C8-42F6-47E2-9CD2-FD87211132CB} = {579FBB5D-5EC4-4EC0-A087-9E3AC4D84EEB}
		{F8BE676A-4674-4DDA-B731-A1BDD175D00C} = {579FBB5D-5EC4-4EC0-A087-9E3AC4D84EEB}
		{BAC75BEF-1235-4428-80B7-BB5FF0F776F0} = {579FBB5D-5EC4-4EC0-A087-9E3AC4D84EEB}
		{A9844A3C-3260-4E87-BEE4-7DE8B8EF8AA3} = {579FBB5D-5EC4-4EC0-A087-9E3AC4D84EEB}
		{8CCF852A-AAA3-44D3-90D4-30FE4B2B0B86} = {579FBB5D-5EC4-4EC0-A087-9E3AC4D84EEB}
		{AE4DB993-E3B7-42C8-96E9-07BDBA548B75} = {579FBB5D-5EC4-4EC0-A087-9E3AC4D84EEB}
		{DDA34109-7C06-42C3-AFD8-48F05DEB298F} = {579FBB5D-5EC4-4EC0-A087-9E3AC4D84EEB}
		{18D2248D-554F-4F92-93FE-29160227D39B} = {579FBB5D-5EC4-4EC0-A087-9E3AC4D84EEB}
		{697686E8-AB84-402D-BDEA-035E81A3B4A7} = {17C2798A-6D14-4D7A-A881-E894B295F730}
		{13956394-79B2-4BBE-9EB3-637B18338A19} = {F8E6205D-5985-4407-8CC7-7EB9EDA62946}
		{3221279F-7982-43D4-8473-E9753E52C90E} = {F8E6205D-5985-4407-8CC7-7EB9EDA62946}
		{E4EA359D-852E-405B-BFF5-FD9217199EC1} = {F8E6205D-5985-4407-8CC7-7EB9EDA62946}
	EndGlobalSection
EndGlobal
