
Microsoft Visual Studio Solution File, Format Version 10.00
# Visual Studio 2008
Project("{8BC9CEB8-8B4A-11D0-8D11-00A0C91BC942}") = "ArToolKitPlusDemo", "ArToolKitPlusDemo\script\ArToolKitPlusDemo.vcproj", "{BCACA889-BDEE-4BAA-BFB1-42A10C792A2C}"
EndProject
Global
	GlobalSection(SolutionConfigurationPlatforms) = preSolution
		Debug|Win32 = Debug|Win32
		Release|Win32 = Release|Win32
	EndGlobalSection
	GlobalSection(ProjectConfigurationPlatforms) = postSolution
		{BCACA889-BDEE-4BAA-BFB1-42A10C792A2C}.Debug|Win32.ActiveCfg = Debug|Win32
		{BCACA889-BDEE-4BAA-BFB1-42A10C792A2C}.Debug|Win32.Build.0 = Debug|Win32
		{BCACA889-BDEE-4BAA-BFB1-42A10C792A2C}.Release|Win32.ActiveCfg = Release|Win32
		{BCACA889-BDEE-4BAA-BFB1-42A10C792A2C}.Release|Win32.Build.0 = Release|Win32
	EndGlobalSection
	GlobalSection(SolutionProperties) = preSolution
		HideSolutionNode = FALSE
	EndGlobalSection
EndGlobal
